
Microsoft Visual Studio Solution File, Format Version 12.00
# Visual Studio Version 16
VisualStudioVersion = 16.0.31019.35
MinimumVisualStudioVersion = 10.0.40219.1
Project("{2150E333-8FDC-42A3-9474-1A3956D46DE8}") = "Application", "Application", "{3997BD8D-FA31-425D-9D0C-651253776BC6}"
EndProject
Project("{2150E333-8FDC-42A3-9474-1A3956D46DE8}") = "Domain", "Domain", "{DD1F80DD-F74D-4542-8DFE-FDC7C295504D}"
EndProject
Project("{2150E333-8FDC-42A3-9474-1A3956D46DE8}") = "Infra.Data", "Infra.Data", "{8F4A3DE3-6268-4953-BA82-7F04DC9C8F30}"
EndProject
Project("{2150E333-8FDC-42A3-9474-1A3956D46DE8}") = "Infra.IoC", "Infra.IoC", "{3DEE9E6B-F2D4-47E4-9E6D-757A66A3DE7B}"
EndProject
Project("{2150E333-8FDC-42A3-9474-1A3956D46DE8}") = "Presentation", "Presentation", "{2267FBFB-BA64-4B26-9E88-F629FB64C65A}"
EndProject
Project("{9A19103F-16F7-4668-BE54-9A1E7A4F7556}") = "CleanArch.Mvc", "CleanArch.Mvc\CleanArch.Mvc.csproj", "{82180623-E05D-44C4-BFF9-450E77E12EB8}"
EndProject
Project("{9A19103F-16F7-4668-BE54-9A1E7A4F7556}") = "CleanArch.Domain", "CleanArch.Domain\CleanArch.Domain.csproj", "{46755535-1D7E-49AF-8880-67772A7079A7}"
EndProject
Project("{9A19103F-16F7-4668-BE54-9A1E7A4F7556}") = "CleanArch.Infra.Data", "..\CleanArch.Infra.Data\CleanArch.Infra.Data.csproj", "{B9432D1D-3F22-460E-A1D3-7DEBAFA7C2E4}"
EndProject
Project("{9A19103F-16F7-4668-BE54-9A1E7A4F7556}") = "CleanArch.Application", "CleanArch.Application\CleanArch.Application.csproj", "{BEB10064-E4FB-4D55-8874-87F81BEEEDE9}"
EndProject
Project("{9A19103F-16F7-4668-BE54-9A1E7A4F7556}") = "CleanArch.Infra.IoC", "CleanArch.Infra.IoC\CleanArch.Infra.IoC.csproj", "{48047A9A-38B3-4FD6-B2A7-3E8306221712}"
EndProject
Project("{2150E333-8FDC-42A3-9474-1A3956D46DE8}") = "Api", "Api", "{BD16913B-8BA5-404A-B38D-5383081160AA}"
EndProject
Project("{2150E333-8FDC-42A3-9474-1A3956D46DE8}") = "Infra.Bus", "Infra.Bus", "{9ED74437-6AE4-4E69-BD8F-903E6F0C71A1}"
EndProject
Project("{9A19103F-16F7-4668-BE54-9A1E7A4F7556}") = "CleanArch.Infra.Bus", "CleanArch.Infra.Bus\CleanArch.Infra.Bus.csproj", "{50447165-EBD5-4E10-B41A-0B440BE53C58}"
EndProject
Project("{9A19103F-16F7-4668-BE54-9A1E7A4F7556}") = "CleanArch.Domain.Core", "..\CleanArch.Domain.Core\CleanArch.Domain.Core.csproj", "{02216F67-3337-4D4E-BA4B-5878735402C7}"
EndProject
Project("{FAE04EC0-301F-11D3-BF4B-00C04F79EFBC}") = "CleanArch.Api", "CleanArch.Api\CleanArch.Api.csproj", "{A3ED6A2A-FC4C-436C-BC71-613D18CF91E0}"
EndProject
Global
	GlobalSection(SolutionConfigurationPlatforms) = preSolution
		Debug|Any CPU = Debug|Any CPU
		Release|Any CPU = Release|Any CPU
	EndGlobalSection
	GlobalSection(ProjectConfigurationPlatforms) = postSolution
		{82180623-E05D-44C4-BFF9-450E77E12EB8}.Debug|Any CPU.ActiveCfg = Debug|Any CPU
		{82180623-E05D-44C4-BFF9-450E77E12EB8}.Debug|Any CPU.Build.0 = Debug|Any CPU
		{82180623-E05D-44C4-BFF9-450E77E12EB8}.Release|Any CPU.ActiveCfg = Release|Any CPU
		{82180623-E05D-44C4-BFF9-450E77E12EB8}.Release|Any CPU.Build.0 = Release|Any CPU
		{46755535-1D7E-49AF-8880-67772A7079A7}.Debug|Any CPU.ActiveCfg = Debug|Any CPU
		{46755535-1D7E-49AF-8880-67772A7079A7}.Debug|Any CPU.Build.0 = Debug|Any CPU
		{46755535-1D7E-49AF-8880-67772A7079A7}.Release|Any CPU.ActiveCfg = Release|Any CPU
		{46755535-1D7E-49AF-8880-67772A7079A7}.Release|Any CPU.Build.0 = Release|Any CPU
		{B9432D1D-3F22-460E-A1D3-7DEBAFA7C2E4}.Debug|Any CPU.ActiveCfg = Debug|Any CPU
		{B9432D1D-3F22-460E-A1D3-7DEBAFA7C2E4}.Debug|Any CPU.Build.0 = Debug|Any CPU
		{B9432D1D-3F22-460E-A1D3-7DEBAFA7C2E4}.Release|Any CPU.ActiveCfg = Release|Any CPU
		{B9432D1D-3F22-460E-A1D3-7DEBAFA7C2E4}.Release|Any CPU.Build.0 = Release|Any CPU
		{BEB10064-E4FB-4D55-8874-87F81BEEEDE9}.Debug|Any CPU.ActiveCfg = Debug|Any CPU
		{BEB10064-E4FB-4D55-8874-87F81BEEEDE9}.Debug|Any CPU.Build.0 = Debug|Any CPU
		{BEB10064-E4FB-4D55-8874-87F81BEEEDE9}.Release|Any CPU.ActiveCfg = Release|Any CPU
		{BEB10064-E4FB-4D55-8874-87F81BEEEDE9}.Release|Any CPU.Build.0 = Release|Any CPU
		{48047A9A-38B3-4FD6-B2A7-3E8306221712}.Debug|Any CPU.ActiveCfg = Debug|Any CPU
		{48047A9A-38B3-4FD6-B2A7-3E8306221712}.Debug|Any CPU.Build.0 = Debug|Any CPU
		{48047A9A-38B3-4FD6-B2A7-3E8306221712}.Release|Any CPU.ActiveCfg = Release|Any CPU
		{48047A9A-38B3-4FD6-B2A7-3E8306221712}.Release|Any CPU.Build.0 = Release|Any CPU
		{50447165-EBD5-4E10-B41A-0B440BE53C58}.Debug|Any CPU.ActiveCfg = Debug|Any CPU
		{50447165-EBD5-4E10-B41A-0B440BE53C58}.Debug|Any CPU.Build.0 = Debug|Any CPU
		{50447165-EBD5-4E10-B41A-0B440BE53C58}.Release|Any CPU.ActiveCfg = Release|Any CPU
		{50447165-EBD5-4E10-B41A-0B440BE53C58}.Release|Any CPU.Build.0 = Release|Any CPU
		{02216F67-3337-4D4E-BA4B-5878735402C7}.Debug|Any CPU.ActiveCfg = Debug|Any CPU
		{02216F67-3337-4D4E-BA4B-5878735402C7}.Debug|Any CPU.Build.0 = Debug|Any CPU
		{02216F67-3337-4D4E-BA4B-5878735402C7}.Release|Any CPU.ActiveCfg = Release|Any CPU
		{02216F67-3337-4D4E-BA4B-5878735402C7}.Release|Any CPU.Build.0 = Release|Any CPU
		{A3ED6A2A-FC4C-436C-BC71-613D18CF91E0}.Debug|Any CPU.ActiveCfg = Debug|Any CPU
		{A3ED6A2A-FC4C-436C-BC71-613D18CF91E0}.Debug|Any CPU.Build.0 = Debug|Any CPU
		{A3ED6A2A-FC4C-436C-BC71-613D18CF91E0}.Release|Any CPU.ActiveCfg = Release|Any CPU
		{A3ED6A2A-FC4C-436C-BC71-613D18CF91E0}.Release|Any CPU.Build.0 = Release|Any CPU
	EndGlobalSection
	GlobalSection(SolutionProperties) = preSolution
		HideSolutionNode = FALSE
	EndGlobalSection
	GlobalSection(NestedProjects) = preSolution
		{82180623-E05D-44C4-BFF9-450E77E12EB8} = {2267FBFB-BA64-4B26-9E88-F629FB64C65A}
		{46755535-1D7E-49AF-8880-67772A7079A7} = {DD1F80DD-F74D-4542-8DFE-FDC7C295504D}
		{B9432D1D-3F22-460E-A1D3-7DEBAFA7C2E4} = {8F4A3DE3-6268-4953-BA82-7F04DC9C8F30}
		{BEB10064-E4FB-4D55-8874-87F81BEEEDE9} = {3997BD8D-FA31-425D-9D0C-651253776BC6}
		{48047A9A-38B3-4FD6-B2A7-3E8306221712} = {3DEE9E6B-F2D4-47E4-9E6D-757A66A3DE7B}
		{50447165-EBD5-4E10-B41A-0B440BE53C58} = {9ED74437-6AE4-4E69-BD8F-903E6F0C71A1}
		{02216F67-3337-4D4E-BA4B-5878735402C7} = {DD1F80DD-F74D-4542-8DFE-FDC7C295504D}
		{A3ED6A2A-FC4C-436C-BC71-613D18CF91E0} = {BD16913B-8BA5-404A-B38D-5383081160AA}
	EndGlobalSection
	GlobalSection(ExtensibilityGlobals) = postSolution
		SolutionGuid = {A04B6E27-5F4E-42E2-A77E-5F16BC2C0F0E}
	EndGlobalSection
EndGlobal
